{
  "name": "scylladb-media-player",
  "version": "1.0.0",
  "lockfileVersion": 3,
  "requires": true,
  "packages": {
    "": {
      "name": "scylladb-media-player",
      "version": "1.0.0",
      "dependencies": {
        "cassandra-driver": "^4.7.2",
        "dotenv": "^16.4.5"
      }
    },
    "node_modules/@types/node": {
      "version": "20.19.41",
      "resolved": "https://registry.npmjs.org/@types/node/-/node-20.19.41.tgz",
      "integrity": "sha512-ECymXOukMnOoVkC2bb1Vc/w/836DXncOg5m8Xj1RH7xSHZJWNYY6Zh7EH477vcnD5egKNNfy2RpNOmuChhFPgQ==",
      "license": "MIT",
      "dependencies": {
        "undici-types": "~6.21.0"
      }
    },
    "node_modules/adm-zip": {
      "version": "0.5.17",
      "resolved": "https://registry.npmjs.org/adm-zip/-/adm-zip-0.5.17.tgz",
      "integrity": "sha512-+Ut8d9LLqwEvHHJl1+PIHqoyDxFgVN847JTVM3Izi3xHDWPE4UtzzXysMZQs64DMcrJfBeS/uoEP4AD3HQHnQQ==",
      "license": "MIT",
      "engines": {
        "node": ">=12.0"
      }
    },
    "node_modules/cassandra-driver": {
      "version": "4.9.0",
      "resolved": "https://registry.npmjs.org/cassandra-driver/-/cassandra-driver-4.9.0.tgz",
      "integrity": "sha512-svYpdkLIGjD0WmuuwkkeYbfBdPX1zksK2cDyT1mWjX53OVTzuWBOVy54K6PPij8GgYpIG+K82OryrBv/xNeuWg==",
      "license": "Apache-2.0",
      "dependencies": {
        "@types/node": "^20.14.8",
        "adm-zip": "~0.5.10",
        "long": "~5.2.3"
      },
      "engines": {
        "node": ">=20"
      }
    },
    "node_modules/dotenv": {
      "version": "16.6.1",
      "resolved": "https://registry.npmjs.org/dotenv/-/dotenv-16.6.1.tgz",
      "integrity": "sha512-uBq4egWHTcTt33a72vpSG0z3HnPuIl6NqYcTrKEg2azoEyl2hpW0zqlxysq2pK9HlDIHyHyakeYaYnSAwd8bow==",
      "license": "BSD-2-Clause",
      "engines": {
        "node": ">=12"
      },
      "funding": {
        "url": "https://dotenvx.com"
      }
    },
    "node_modules/long": {
      "version": "5.2.5",
      "resolved": "https://registry.npmjs.org/long/-/long-5.2.5.tgz",
      "integrity": "sha512-e0r9YBBgNCq1D1o5Dp8FMH0N5hsFtXDBiVa0qoJPHpakvZkmDKPRoGffZJII/XsHvj9An9blm+cRJ01yQqU+Dw==",
      "license": "Apache-2.0"
    },
    "node_modules/undici-types": {
      "version": "6.21.0",
      "resolved": "https://registry.npmjs.org/undici-types/-/undici-types-6.21.0.tgz",
      "integrity": "sha512-iwDZqg0QAGrg9Rav5H4n0M64c3mkR59cJ6wQp+7C4nI0gsmExaedaYLNO44eT4AtBBwjbTiGPMlt2Md0T9H9JQ==",
      "license": "MIT"
    }
  }
}
